// !$*UTF8*$!
{
	archiveVersion = 1;
	classes = {
	};
	objectVersion = 56;
	objects = {

/* Begin PBXBuildFile section */
		EF0729F729DAC44600F34267 /* ModelView.swift in Sources */ = {isa = PBXBuildFile; fileRef = EF0729F629DAC44600F34267 /* ModelView.swift */; };
		EF0729F829DAC44600F34267 /* ModelView.swift in Sources */ = {isa = PBXBuildFile; fileRef = EF0729F629DAC44600F34267 /* ModelView.swift */; };
		EF226AA629D5BA2C00112873 /* DiceApp.swift in Sources */ = {isa = PBXBuildFile; fileRef = EF226AA529D5BA2C00112873 /* DiceApp.swift */; };
		EF226AA829D5BA2C00112873 /* ContentView.swift in Sources */ = {isa = PBXBuildFile; fileRef = EF226AA729D5BA2C00112873 /* ContentView.swift */; };
		EF226AAA29D5BA2D00112873 /* Assets.xcassets in Resources */ = {isa = PBXBuildFile; fileRef = EF226AA929D5BA2D00112873 /* Assets.xcassets */; };
		EF226AAD29D5BA2D00112873 /* Preview Assets.xcassets in Resources */ = {isa = PBXBuildFile; fileRef = EF226AAC29D5BA2D00112873 /* Preview Assets.xcassets */; };
		EF226AB729D5BA2E00112873 /* DiceTests.swift in Sources */ = {isa = PBXBuildFile; fileRef = EF226AB629D5BA2E00112873 /* DiceTests.swift */; };
		EF226AC129D5BA2E00112873 /* DiceUITests.swift in Sources */ = {isa = PBXBuildFile; fileRef = EF226AC029D5BA2E00112873 /* DiceUITests.swift */; };
		EF226AC329D5BA2E00112873 /* DiceUITestsLaunchTests.swift in Sources */ = {isa = PBXBuildFile; fileRef = EF226AC229D5BA2E00112873 /* DiceUITestsLaunchTests.swift */; };
/* End PBXBuildFile section */

/* Begin PBXContainerItemProxy section */
		EF226AB329D5BA2E00112873 /* PBXContainerItemProxy */ = {
			isa = PBXContainerItemProxy;
			containerPortal = EF226A9A29D5BA2C00112873 /* Project object */;
			proxyType = 1;
			remoteGlobalIDString = EF226AA129D5BA2C00112873;
			remoteInfo = Dice;
		};
		EF226ABD29D5BA2E00112873 /* PBXContainerItemProxy */ = {
			isa = PBXContainerItemProxy;
			containerPortal = EF226A9A29D5BA2C00112873 /* Project object */;
			proxyType = 1;
			remoteGlobalIDString = EF226AA129D5BA2C00112873;
			remoteInfo = Dice;
		};
/* End PBXContainerItemProxy section */

/* Begin PBXFileReference section */
		EF0729F629DAC44600F34267 /* ModelView.swift */ = {isa = PBXFileReference; lastKnownFileType = sourcecode.swift; path = ModelView.swift; sourceTree = "<group>"; };
		EF226AA229D5BA2C00112873 /* Dice.app */ = {isa = PBXFileReference; explicitFileType = wrapper.application; includeInIndex = 0; path = Dice.app; sourceTree = BUILT_PRODUCTS_DIR; };
		EF226AA529D5BA2C00112873 /* DiceApp.swift */ = {isa = PBXFileReference; lastKnownFileType = sourcecode.swift; path = DiceApp.swift; sourceTree = "<group>"; };
		EF226AA729D5BA2C00112873 /* ContentView.swift */ = {isa = PBXFileReference; lastKnownFileType = sourcecode.swift; path = ContentView.swift; sourceTree = "<group>"; };
		EF226AA929D5BA2D00112873 /* Assets.xcassets */ = {isa = PBXFileReference; lastKnownFileType = folder.assetcatalog; path = Assets.xcassets; sourceTree = "<group>"; };
		EF226AAC29D5BA2D00112873 /* Preview Assets.xcassets */ = {isa = PBXFileReference; lastKnownFileType = folder.assetcatalog; path = "Preview Assets.xcassets"; sourceTree = "<group>"; };
		EF226AB229D5BA2E00112873 /* DiceTests.xctest */ = {isa = PBXFileReference; explicitFileType = wrapper.cfbundle; includeInIndex = 0; path = DiceTests.xctest; sourceTree = BUILT_PRODUCTS_DIR; };
		EF226AB629D5BA2E00112873 /* DiceTests.swift */ = {isa = PBXFileReference; lastKnownFileType = sourcecode.swift; path = DiceTests.swift; sourceTree = "<group>"; };
		EF226ABC29D5BA2E00112873 /* DiceUITests.xctest */ = {isa = PBXFileReference; explicitFileType = wrapper.cfbundle; includeInIndex = 0; path = DiceUITests.xctest; sourceTree = BUILT_PRODUCTS_DIR; };
		EF226AC029D5BA2E00112873 /* DiceUITests.swift */ = {isa = PBXFileReference; lastKnownFileType = sourcecode.swift; path = DiceUITests.swift; sourceTree = "<group>"; };
		EF226AC229D5BA2E00112873 /* DiceUITestsLaunchTests.swift */ = {isa = PBXFileReference; lastKnownFileType = sourcecode.swift; path = DiceUITestsLaunchTests.swift; sourceTree = "<group>"; };
/* End PBXFileReference section */

/* Begin PBXFrameworksBuildPhase section */
		EF226A9F29D5BA2C00112873 /* Frameworks */ = {
			isa = PBXFrameworksBuildPhase;
			buildActionMask = 2147483647;
			files = (
			);
			runOnlyForDeploymentPostprocessing = 0;
		};
		EF226AAF29D5BA2E00112873 /* Frameworks */ = {
			isa = PBXFrameworksBuildPhase;
			buildActionMask = 2147483647;
			files = (
			);
			runOnlyForDeploymentPostprocessing = 0;
		};
		EF226AB929D5BA2E00112873 /* Frameworks */ = {
			isa = PBXFrameworksBuildPhase;
			buildActionMask = 2147483647;
			files = (
			);
			runOnlyForDeploymentPostprocessing = 0;
		};
/* End PBXFrameworksBuildPhase section */

/* Begin PBXGroup section */
		EF226A9929D5BA2C00112873 = {
			isa = PBXGroup;
			children = (
				EF226AA429D5BA2C00112873 /* Dice */,
				EF226AB529D5BA2E00112873 /* DiceTests */,
				EF226ABF29D5BA2E00112873 /* DiceUITests */,
				EF226AA329D5BA2C00112873 /* Products */,
			);
			sourceTree = "<group>";
		};
		EF226AA329D5BA2C00112873 /* Products */ = {
			isa = PBXGroup;
			children = (
				EF226AA229D5BA2C00112873 /* Dice.app */,
				EF226AB229D5BA2E00112873 /* DiceTests.xctest */,
				EF226ABC29D5BA2E00112873 /* DiceUITests.xctest */,
			);
			name = Products;
			sourceTree = "<group>";
		};
		EF226AA429D5BA2C00112873 /* Dice */ = {
			isa = PBXGroup;
			children = (
				EF226AA529D5BA2C00112873 /* DiceApp.swift */,
				EF226AA729D5BA2C00112873 /* ContentView.swift */,
				EF0729F629DAC44600F34267 /* ModelView.swift */,
				EF226AA929D5BA2D00112873 /* Assets.xcassets */,
				EF226AAB29D5BA2D00112873 /* Preview Content */,
			);
			path = Dice;
			sourceTree = "<group>";
		};
		EF226AAB29D5BA2D00112873 /* Preview Content */ = {
			isa = PBXGroup;
			children = (
				EF226AAC29D5BA2D00112873 /* Preview Assets.xcassets */,
			);
			path = "Preview Content";
			sourceTree = "<group>";
		};
		EF226AB529D5BA2E00112873 /* DiceTests */ = {
			isa = PBXGroup;
			children = (
				EF226AB629D5BA2E00112873 /* DiceTests.swift */,
			);
			path = DiceTests;
			sourceTree = "<group>";
		};
		EF226ABF29D5BA2E00112873 /* DiceUITests */ = {
			isa = PBXGroup;
			children = (
				EF226AC029D5BA2E00112873 /* DiceUITests.swift */,
				EF226AC229D5BA2E00112873 /* DiceUITestsLaunchTests.swift */,
			);
			path = DiceUITests;
			sourceTree = "<group>";
		};
/* End PBXGroup section */

/* Begin PBXNativeTarget section */
		EF226AA129D5BA2C00112873 /* Dice */ = {
			isa = PBXNativeTarget;
			buildConfigurationList = EF226AC629D5BA2E00112873 /* Build configuration list for PBXNativeTarget "Dice" */;
			buildPhases = (
				EF226A9E29D5BA2C00112873 /* Sources */,
				EF226A9F29D5BA2C00112873 /* Frameworks */,
				EF226AA029D5BA2C00112873 /* Resources */,
			);
			buildRules = (
			);
			dependencies = (
			);
			name = Dice;
			productName = Dice;
			productReference = EF226AA229D5BA2C00112873 /* Dice.app */;
			productType = "com.apple.product-type.application";
		};
		EF226AB129D5BA2E00112873 /* DiceTests */ = {
			isa = PBXNativeTarget;
			buildConfigurationList = EF226AC929D5BA2E00112873 /* Build configuration list for PBXNativeTarget "DiceTests" */;
			buildPhases = (
				EF226AAE29D5BA2E00112873 /* Sources */,
				EF226AAF29D5BA2E00112873 /* Frameworks */,
				EF226AB029D5BA2E00112873 /* Resources */,
			);
			buildRules = (
			);
			dependencies = (
				EF226AB429D5BA2E00112873 /* PBXTargetDependency */,
			);
			name = DiceTests;
			productName = DiceTests;
			productReference = EF226AB229D5BA2E00112873 /* DiceTests.xctest */;
			productType = "com.apple.product-type.bundle.unit-test";
		};
		EF226ABB29D5BA2E00112873 /* DiceUITests */ = {
			isa = PBXNativeTarget;
			buildConfigurationList = EF226ACC29D5BA2E00112873 /* Build configuration list for PBXNativeTarget "DiceUITests" */;
			buildPhases = (
				EF226AB829D5BA2E00112873 /* Sources */,
				EF226AB929D5BA2E00112873 /* Frameworks */,
				EF226ABA29D5BA2E00112873 /* Resources */,
			);
			buildRules = (
			);
			dependencies = (
				EF226ABE29D5BA2E00112873 /* PBXTargetDependency */,
			);
			name = DiceUITests;
			productName = DiceUITests;
			productReference = EF226ABC29D5BA2E00112873 /* DiceUITests.xctest */;
			productType = "com.apple.product-type.bundle.ui-testing";
		};
/* End PBXNativeTarget section */

/* Begin PBXProject section */
		EF226A9A29D5BA2C00112873 /* Project object */ = {
			isa = PBXProject;
			attributes = {
				BuildIndependentTargetsInParallel = 1;
				LastSwiftUpdateCheck = 1420;
				LastUpgradeCheck = 1420;
				TargetAttributes = {
					EF226AA129D5BA2C00112873 = {
						CreatedOnToolsVersion = 14.2;
					};
					EF226AB129D5BA2E00112873 = {
						CreatedOnToolsVersion = 14.2;
						TestTargetID = EF226AA129D5BA2C00112873;
					};
					EF226ABB29D5BA2E00112873 = {
						CreatedOnToolsVersion = 14.2;
						TestTargetID = EF226AA129D5BA2C00112873;
					};
				};
			};
			buildConfigurationList = EF226A9D29D5BA2C00112873 /* Build configuration list for PBXProject "Dice" */;
			compatibilityVersion = "Xcode 14.0";
			developmentRegion = en;
			hasScannedForEncodings = 0;
			knownRegions = (
				en,
				Base,
			);
			mainGroup = EF226A9929D5BA2C00112873;
			productRefGroup = EF226AA329D5BA2C00112873 /* Products */;
			projectDirPath = "";
			projectRoot = "";
			targets = (
				EF226AA129D5BA2C00112873 /* Dice */,
				EF226AB129D5BA2E00112873 /* DiceTests */,
				EF226ABB29D5BA2E00112873 /* DiceUITests */,
			);
		};
/* End PBXProject section */

/* Begin PBXResourcesBuildPhase section */
		EF226AA029D5BA2C00112873 /* Resources */ = {
			isa = PBXResourcesBuildPhase;
			buildActionMask = 2147483647;
			files = (
				EF226AAD29D5BA2D00112873 /* Preview Assets.xcassets in Resources */,
				EF226AAA29D5BA2D00112873 /* Assets.xcassets in Resources */,
			);
			runOnlyForDeploymentPostprocessing = 0;
		};
		EF226AB029D5BA2E00112873 /* Resources */ = {
			isa = PBXResourcesBuildPhase;
			buildActionMask = 2147483647;
			files = (
			);
			runOnlyForDeploymentPostprocessing = 0;
		};
		EF226ABA29D5BA2E00112873 /* Resources */ = {
			isa = PBXResourcesBuildPhase;
			buildActionMask = 2147483647;
			files = (
			);
			runOnlyForDeploymentPostprocessing = 0;
		};
/* End PBXResourcesBuildPhase section */

/* Begin PBXSourcesBuildPhase section */
		EF226A9E29D5BA2C00112873 /* Sources */ = {
			isa = PBXSourcesBuildPhase;
			buildActionMask = 2147483647;
			files = (
				EF0729F729DAC44600F34267 /* ModelView.swift in Sources */,
				EF226AA829D5BA2C00112873 /* ContentView.swift in Sources */,
				EF226AA629D5BA2C00112873 /* DiceApp.swift in Sources */,
			);
			runOnlyForDeploymentPostprocessing = 0;
		};
		EF226AAE29D5BA2E00112873 /* Sources */ = {
			isa = PBXSourcesBuildPhase;
			buildActionMask = 2147483647;
			files = (
				EF0729F829DAC44600F34267 /* ModelView.swift in Sources */,
				EF226AB729D5BA2E00112873 /* DiceTests.swift in Sources */,
			);
			runOnlyForDeploymentPostprocessing = 0;
		};
		EF226AB829D5BA2E00112873 /* Sources */ = {
			isa = PBXSourcesBuildPhase;
			buildActionMask = 2147483647;
			files = (
				EF226AC129D5BA2E00112873 /* DiceUITests.swift in Sources */,
				EF226AC329D5BA2E00112873 /* DiceUITestsLaunchTests.swift in Sources */,
			);
			runOnlyForDeploymentPostprocessing = 0;
		};
/* End PBXSourcesBuildPhase section */

/* Begin PBXTargetDependency section */
		EF226AB429D5BA2E00112873 /* PBXTargetDependency */ = {
			isa = PBXTargetDependency;
			target = EF226AA129D5BA2C00112873 /* Dice */;
			targetProxy = EF226AB329D5BA2E00112873 /* PBXContainerItemProxy */;
		};
		EF226ABE29D5BA2E00112873 /* PBXTargetDependency */ = {
			isa = PBXTargetDependency;
			target = EF226AA129D5BA2C00112873 /* Dice */;
			targetProxy = EF226ABD29D5BA2E00112873 /* PBXContainerItemProxy */;
		};
/* End PBXTargetDependency section */

/* Begin XCBuildConfiguration section */
		EF226AC429D5BA2E00112873 /* Debug */ = {
			isa = XCBuildConfiguration;
			buildSettings = {
				ALWAYS_SEARCH_USER_PATHS = NO;
				CLANG_ANALYZER_NONNULL = YES;
				CLANG_ANALYZER_NUMBER_OBJECT_CONVERSION = YES_AGGRESSIVE;
				CLANG_CXX_LANGUAGE_STANDARD = "gnu++20";
				CLANG_ENABLE_MODULES = YES;
				CLANG_ENABLE_OBJC_ARC = YES;
				CLANG_ENABLE_OBJC_WEAK = YES;
				CLANG_WARN_BLOCK_CAPTURE_AUTORELEASING = YES;
				CLANG_WARN_BOOL_CONVERSION = YES;
				CLANG_WARN_COMMA = YES;
				CLANG_WARN_CONSTANT_CONVERSION = YES;
				CLANG_WARN_DEPRECATED_OBJC_IMPLEMENTATIONS = YES;
				CLANG_WARN_DIRECT_OBJC_ISA_USAGE = YES_ERROR;
				CLANG_WARN_DOCUMENTATION_COMMENTS = YES;
				CLANG_WARN_EMPTY_BODY = YES;
				CLANG_WARN_ENUM_CONVERSION = YES;
				CLANG_WARN_INFINITE_RECURSION = YES;
				CLANG_WARN_INT_CONVERSION = YES;
				CLANG_WARN_NON_LITERAL_NULL_CONVERSION = YES;
				CLANG_WARN_OBJC_IMPLICIT_RETAIN_SELF = YES;
				CLANG_WARN_OBJC_LITERAL_CONVERSION = YES;
				CLANG_WARN_OBJC_ROOT_CLASS = YES_ERROR;
				CLANG_WARN_QUOTED_INCLUDE_IN_FRAMEWORK_HEADER = YES;
				CLANG_WARN_RANGE_LOOP_ANALYSIS = YES;
				CLANG_WARN_STRICT_PROTOTYPES = YES;
				CLANG_WARN_SUSPICIOUS_MOVE = YES;
				CLANG_WARN_UNGUARDED_AVAILABILITY = YES_AGGRESSIVE;
				CLANG_WARN_UNREACHABLE_CODE = YES;
				CLANG_WARN__DUPLICATE_METHOD_MATCH = YES;
				COPY_PHASE_STRIP = NO;
				DEBUG_INFORMATION_FORMAT = dwarf;
				ENABLE_STRICT_OBJC_MSGSEND = YES;
				ENABLE_TESTABILITY = YES;
				GCC_C_LANGUAGE_STANDARD = gnu11;
				GCC_DYNAMIC_NO_PIC = NO;
				GCC_NO_COMMON_BLOCKS = YES;
				GCC_OPTIMIZATION_LEVEL = 0;
				GCC_PREPROCESSOR_DEFINITIONS = (
					"DEBUG=1",
					"$(inherited)",
				);
				GCC_WARN_64_TO_32_BIT_CONVERSION = YES;
				GCC_WARN_ABOUT_RETURN_TYPE = YES_ERROR;
				GCC_WARN_UNDECLARED_SELECTOR = YES;
				GCC_WARN_UNINITIALIZED_AUTOS = YES_AGGRESSIVE;
				GCC_WARN_UNUSED_FUNCTION = YES;
				GCC_WARN_UNUSED_VARIABLE = YES;
				IPHONEOS_DEPLOYMENT_TARGET = 16.2;
				MTL_ENABLE_DEBUG_INFO = INCLUDE_SOURCE;
				MTL_FAST_MATH = YES;
				ONLY_ACTIVE_ARCH = YES;
				SDKROOT = iphoneos;
				SWIFT_ACTIVE_COMPILATION_CONDITIONS = DEBUG;
				SWIFT_OPTIMIZATION_LEVEL = "-Onone";
			};
			name = Debug;
		};
		EF226AC529D5BA2E00112873 /* Release */ = {
			isa = XCBuildConfiguration;
			buildSettings = {
				ALWAYS_SEARCH_USER_PATHS = NO;
				CLANG_ANALYZER_NONNULL = YES;
				CLANG_ANALYZER_NUMBER_OBJECT_CONVERSION = YES_AGGRESSIVE;
				CLANG_CXX_LANGUAGE_STANDARD = "gnu++20";
				CLANG_ENABLE_MODULES = YES;
				CLANG_ENABLE_OBJC_ARC = YES;
				CLANG_ENABLE_OBJC_WEAK = YES;
				CLANG_WARN_BLOCK_CAPTURE_AUTORELEASING = YES;
				CLANG_WARN_BOOL_CONVERSION = YES;
				CLANG_WARN_COMMA = YES;
				CLANG_WARN_CONSTANT_CONVERSION = YES;
				CLANG_WARN_DEPRECATED_OBJC_IMPLEMENTATIONS = YES;
				CLANG_WARN_DIRECT_OBJC_ISA_USAGE = YES_ERROR;
				CLANG_WARN_DOCUMENTATION_COMMENTS = YES;
				CLANG_WARN_EMPTY_BODY = YES;
				CLANG_WARN_ENUM_CONVERSION = YES;
				CLANG_WARN_INFINITE_RECURSION = YES;
				CLANG_WARN_INT_CONVERSION = YES;
				CLANG_WARN_NON_LITERAL_NULL_CONVERSION = YES;
				CLANG_WARN_OBJC_IMPLICIT_RETAIN_SELF = YES;
				CLANG_WARN_OBJC_LITERAL_CONVERSION = YES;
				CLANG_WARN_OBJC_ROOT_CLASS = YES_ERROR;
				CLANG_WARN_QUOTED_INCLUDE_IN_FRAMEWORK_HEADER = YES;
				CLANG_WARN_RANGE_LOOP_ANALYSIS = YES;
				CLANG_WARN_STRICT_PROTOTYPES = YES;
				CLANG_WARN_SUSPICIOUS_MOVE = YES;
				CLANG_WARN_UNGUARDED_AVAILABILITY = YES_AGGRESSIVE;
				CLANG_WARN_UNREACHABLE_CODE = YES;
				CLANG_WARN__DUPLICATE_METHOD_MATCH = YES;
				COPY_PHASE_STRIP = NO;
				DEBUG_INFORMATION_FORMAT = "dwarf-with-dsym";
				ENABLE_NS_ASSERTIONS = NO;
				ENABLE_STRICT_OBJC_MSGSEND = YES;
				GCC_C_LANGUAGE_STANDARD = gnu11;
				GCC_NO_COMMON_BLOCKS = YES;
				GCC_WARN_64_TO_32_BIT_CONVERSION = YES;
				GCC_WARN_ABOUT_RETURN_TYPE = YES_ERROR;
				GCC_WARN_UNDECLARED_SELECTOR = YES;
				GCC_WARN_UNINITIALIZED_AUTOS = YES_AGGRESSIVE;
				GCC_WARN_UNUSED_FUNCTION = YES;
				GCC_WARN_UNUSED_VARIABLE = YES;
				IPHONEOS_DEPLOYMENT_TARGET = 16.2;
				MTL_ENABLE_DEBUG_INFO = NO;
				MTL_FAST_MATH = YES;
				SDKROOT = iphoneos;
				SWIFT_COMPILATION_MODE = wholemodule;
				SWIFT_OPTIMIZATION_LEVEL = "-O";
				VALIDATE_PRODUCT = YES;
			};
			name = Release;
		};
		EF226AC729D5BA2E00112873 /* Debug */ = {
			isa = XCBuildConfiguration;
			buildSettings = {
				ASSETCATALOG_COMPILER_APPICON_NAME = AppIcon;
				ASSETCATALOG_COMPILER_GLOBAL_ACCENT_COLOR_NAME = AccentColor;
				CODE_SIGN_STYLE = Automatic;
				CURRENT_PROJECT_VERSION = 1;
				DEVELOPMENT_ASSET_PATHS = "\"Dice/Preview Content\"";
				ENABLE_PREVIEWS = YES;
				GENERATE_INFOPLIST_FILE = YES;
				INFOPLIST_KEY_UIApplicationSceneManifest_Generation = YES;
				INFOPLIST_KEY_UIApplicationSupportsIndirectInputEvents = YES;
				INFOPLIST_KEY_UILaunchScreen_Generation = YES;
				INFOPLIST_KEY_UISupportedInterfaceOrientations_iPad = "UIInterfaceOrientationPortrait UIInterfaceOrientationPortraitUpsideDown UIInterfaceOrientationLandscapeLeft UIInterfaceOrientationLandscapeRight";
				INFOPLIST_KEY_UISupportedInterfaceOrientations_iPhone = "UIInterfaceOrientationPortrait UIInterfaceOrientationLandscapeLeft UIInterfaceOrientationLandscapeRight";
				LD_RUNPATH_SEARCH_PATHS = (
					"$(inherited)",
					"@executable_path/Frameworks",
				);
				MARKETING_VERSION = 1.0;
				PRODUCT_BUNDLE_IDENTIFIER = "valeria.virzi-volkswagen.de.Dice";
				PRODUCT_NAME = "$(TARGET_NAME)";
				SWIFT_EMIT_LOC_STRINGS = YES;
				SWIFT_VERSION = 5.0;
				TARGETED_DEVICE_FAMILY = "1,2";
			};
			name = Debug;
		};
		EF226AC829D5BA2E00112873 /* Release */ = {
			isa = XCBuildConfiguration;
			buildSettings = {
				ASSETCATALOG_COMPILER_APPICON_NAME = AppIcon;
				ASSETCATALOG_COMPILER_GLOBAL_ACCENT_COLOR_NAME = AccentColor;
				CODE_SIGN_STYLE = Automatic;
				CURRENT_PROJECT_VERSION = 1;
				DEVELOPMENT_ASSET_PATHS = "\"Dice/Preview Content\"";
				ENABLE_PREVIEWS = YES;
				GENERATE_INFOPLIST_FILE = YES;
				INFOPLIST_KEY_UIApplicationSceneManifest_Generation = YES;
				INFOPLIST_KEY_UIApplicationSupportsIndirectInputEvents = YES;
				INFOPLIST_KEY_UILaunchScreen_Generation = YES;
				INFOPLIST_KEY_UISupportedInterfaceOrientations_iPad = "UIInterfaceOrientationPortrait UIInterfaceOrientationPortraitUpsideDown UIInterfaceOrientationLandscapeLeft UIInterfaceOrientationLandscapeRight";
				INFOPLIST_KEY_UISupportedInterfaceOrientations_iPhone = "UIInterfaceOrientationPortrait UIInterfaceOrientationLandscapeLeft UIInterfaceOrientationLandscapeRight";
				LD_RUNPATH_SEARCH_PATHS = (
					"$(inherited)",
					"@executable_path/Frameworks",
				);
				MARKETING_VERSION = 1.0;
				PRODUCT_BUNDLE_IDENTIFIER = "valeria.virzi-volkswagen.de.Dice";
				PRODUCT_NAME = "$(TARGET_NAME)";
				SWIFT_EMIT_LOC_STRINGS = YES;
				SWIFT_VERSION = 5.0;
				TARGETED_DEVICE_FAMILY = "1,2";
			};
			name = Release;
		};
		EF226ACA29D5BA2E00112873 /* Debug */ = {
			isa = XCBuildConfiguration;
			buildSettings = {
				ALWAYS_EMBED_SWIFT_STANDARD_LIBRARIES = YES;
				BUNDLE_LOADER = "$(TEST_HOST)";
				CODE_SIGN_STYLE = Automatic;
				CURRENT_PROJECT_VERSION = 1;
				GENERATE_INFOPLIST_FILE = YES;
				IPHONEOS_DEPLOYMENT_TARGET = 16.2;
				MARKETING_VERSION = 1.0;
				PRODUCT_BUNDLE_IDENTIFIER = "valeria.virzi-volkswagen.de.DiceTests";
				PRODUCT_NAME = "$(TARGET_NAME)";
				SWIFT_EMIT_LOC_STRINGS = NO;
				SWIFT_VERSION = 5.0;
				TARGETED_DEVICE_FAMILY = "1,2";
				TEST_HOST = "$(BUILT_PRODUCTS_DIR)/Dice.app/$(BUNDLE_EXECUTABLE_FOLDER_PATH)/Dice";
			};
			name = Debug;
		};
		EF226ACB29D5BA2E00112873 /* Release */ = {
			isa = XCBuildConfiguration;
			buildSettings = {
				ALWAYS_EMBED_SWIFT_STANDARD_LIBRARIES = YES;
				BUNDLE_LOADER = "$(TEST_HOST)";
				CODE_SIGN_STYLE = Automatic;
				CURRENT_PROJECT_VERSION = 1;
				GENERATE_INFOPLIST_FILE = YES;
				IPHONEOS_DEPLOYMENT_TARGET = 16.2;
				MARKETING_VERSION = 1.0;
				PRODUCT_BUNDLE_IDENTIFIER = "valeria.virzi-volkswagen.de.DiceTests";
				PRODUCT_NAME = "$(TARGET_NAME)";
				SWIFT_EMIT_LOC_STRINGS = NO;
				SWIFT_VERSION = 5.0;
				TARGETED_DEVICE_FAMILY = "1,2";
				TEST_HOST = "$(BUILT_PRODUCTS_DIR)/Dice.app/$(BUNDLE_EXECUTABLE_FOLDER_PATH)/Dice";
			};
			name = Release;
		};
		EF226ACD29D5BA2E00112873 /* Debug */ = {
			isa = XCBuildConfiguration;
			buildSettings = {
				ALWAYS_EMBED_SWIFT_STANDARD_LIBRARIES = YES;
				CODE_SIGN_STYLE = Automatic;
				CURRENT_PROJECT_VERSION = 1;
				GENERATE_INFOPLIST_FILE = YES;
				MARKETING_VERSION = 1.0;
				PRODUCT_BUNDLE_IDENTIFIER = "valeria.virzi-volkswagen.de.DiceUITests";
				PRODUCT_NAME = "$(TARGET_NAME)";
				SWIFT_EMIT_LOC_STRINGS = NO;
				SWIFT_VERSION = 5.0;
				TARGETED_DEVICE_FAMILY = "1,2";
				TEST_TARGET_NAME = Dice;
			};
			name = Debug;
		};
		EF226ACE29D5BA2E00112873 /* Release */ = {
			isa = XCBuildConfiguration;
			buildSettings = {
				ALWAYS_EMBED_SWIFT_STANDARD_LIBRARIES = YES;
				CODE_SIGN_STYLE = Automatic;
				CURRENT_PROJECT_VERSION = 1;
				GENERATE_INFOPLIST_FILE = YES;
				MARKETING_VERSION = 1.0;
				PRODUCT_BUNDLE_IDENTIFIER = "valeria.virzi-volkswagen.de.DiceUITests";
				PRODUCT_NAME = "$(TARGET_NAME)";
				SWIFT_EMIT_LOC_STRINGS = NO;
				SWIFT_VERSION = 5.0;
				TARGETED_DEVICE_FAMILY = "1,2";
				TEST_TARGET_NAME = Dice;
			};
			name = Release;
		};
/* End XCBuildConfiguration section */

/* Begin XCConfigurationList section */
		EF226A9D29D5BA2C00112873 /* Build configuration list for PBXProject "Dice" */ = {
			isa = XCConfigurationList;
			buildConfigurations = (
				EF226AC429D5BA2E00112873 /* Debug */,
				EF226AC529D5BA2E00112873 /* Release */,
			);
			defaultConfigurationIsVisible = 0;
			defaultConfigurationName = Release;
		};
		EF226AC629D5BA2E00112873 /* Build configuration list for PBXNativeTarget "Dice" */ = {
			isa = XCConfigurationList;
			buildConfigurations = (
				EF226AC729D5BA2E00112873 /* Debug */,
				EF226AC829D5BA2E00112873 /* Release */,
			);
			defaultConfigurationIsVisible = 0;
			defaultConfigurationName = Release;
		};
		EF226AC929D5BA2E00112873 /* Build configuration list for PBXNativeTarget "DiceTests" */ = {
			isa = XCConfigurationList;
			buildConfigurations = (
				EF226ACA29D5BA2E00112873 /* Debug */,
				EF226ACB29D5BA2E00112873 /* Release */,
			);
			defaultConfigurationIsVisible = 0;
			defaultConfigurationName = Release;
		};
		EF226ACC29D5BA2E00112873 /* Build configuration list for PBXNativeTarget "DiceUITests" */ = {
			isa = XCConfigurationList;
			buildConfigurations = (
				EF226ACD29D5BA2E00112873 /* Debug */,
				EF226ACE29D5BA2E00112873 /* Release */,
			);
			defaultConfigurationIsVisible = 0;
			defaultConfigurationName = Release;
		};
/* End XCConfigurationList section */
	};
	rootObject = EF226A9A29D5BA2C00112873 /* Project object */;
}
